
Microsoft Visual Studio Solution File, Format Version 12.00
# Visual Studio Version 17
VisualStudioVersion = 17.2.32616.157
MinimumVisualStudioVersion = 10.0.40219.1
Project("{FAE04EC0-301F-11D3-BF4B-00C04F79EFBC}") = "ProgramLanguage", "ProhramLanguage\ProgramLanguage.csproj", "{93B20516-CC3C-4DF7-B7EE-174999BBDFE6}"
EndProject
Global
	GlobalSection(SolutionConfigurationPlatforms) = preSolution
		Debug|Any CPU = Debug|Any CPU
		Release|Any CPU = Release|Any CPU
	EndGlobalSection
	GlobalSection(ProjectConfigurationPlatforms) = postSolution
		{93B20516-CC3C-4DF7-B7EE-174999BBDFE6}.Debug|Any CPU.ActiveCfg = Debug|Any CPU
		{93B20516-CC3C-4DF7-B7EE-174999BBDFE6}.Debug|Any CPU.Build.0 = Debug|Any CPU
		{93B20516-CC3C-4DF7-B7EE-174999BBDFE6}.Release|Any CPU.ActiveCfg = Release|Any CPU
		{93B20516-CC3C-4DF7-B7EE-174999BBDFE6}.Release|Any CPU.Build.0 = Release|Any CPU
	EndGlobalSection
	GlobalSection(SolutionProperties) = preSolution
		HideSolutionNode = FALSE
	EndGlobalSection
	GlobalSection(ExtensibilityGlobals) = postSolution
		SolutionGuid = {7C353528-DF0A-4E2C-8EA4-2AA08979B47C}
	EndGlobalSection
EndGlobal
